
Microsoft Visual Studio Solution File, Format Version 12.00
# Visual Studio Version 17
VisualStudioVersion = 17.7.34018.315
MinimumVisualStudioVersion = 10.0.40219.1
Project("{9A19103F-16F7-4668-BE54-9A1E7A4F7556}") = "ApiCognosV1", "ApiCognosV1\ApiCognosV1.csproj", "{1F9976D7-B905-4C60-AD24-1AFB76232897}"
EndProject
Project("{2150E333-8FDC-42A3-9474-1A3956D46DE8}") = "Solution Items", "Solution Items", "{10B2AE28-6F24-4DD9-A2C0-7401C293041B}"
	ProjectSection(SolutionItems) = preProject
		.editorconfig = .editorconfig
	EndProjectSection
EndProject
Global
	GlobalSection(SolutionConfigurationPlatforms) = preSolution
		Debug|Any CPU = Debug|Any CPU
		Release|Any CPU = Release|Any CPU
	EndGlobalSection
	GlobalSection(ProjectConfigurationPlatforms) = postSolution
		{1F9976D7-B905-4C60-AD24-1AFB76232897}.Debug|Any CPU.ActiveCfg = Debug|Any CPU
		{1F9976D7-B905-4C60-AD24-1AFB76232897}.Debug|Any CPU.Build.0 = Debug|Any CPU
		{1F9976D7-B905-4C60-AD24-1AFB76232897}.Release|Any CPU.ActiveCfg = Release|Any CPU
		{1F9976D7-B905-4C60-AD24-1AFB76232897}.Release|Any CPU.Build.0 = Release|Any CPU
	EndGlobalSection
	GlobalSection(SolutionProperties) = preSolution
		HideSolutionNode = FALSE
	EndGlobalSection
	GlobalSection(ExtensibilityGlobals) = postSolution
		SolutionGuid = {1712F6E9-0933-4DF4-8460-71FB6DBB6ACC}
	EndGlobalSection
EndGlobal
